
Microsoft Visual Studio Solution File, Format Version 12.00
# Visual Studio Version 16
VisualStudioVersion = 16.0.33130.400
MinimumVisualStudioVersion = 10.0.40219.1
Project("{888888A0-9F3D-457C-B088-3A5042F75D52}") = "discord-adventurers-bot", "discord-adventurers-bot.pyproj", "{339779E6-9F66-4726-840D-D588C7CB625B}"
EndProject
Global
	GlobalSection(SolutionConfigurationPlatforms) = preSolution
		Debug|Any CPU = Debug|Any CPU
		Release|Any CPU = Release|Any CPU
	EndGlobalSection
	GlobalSection(ProjectConfigurationPlatforms) = postSolution
		{339779E6-9F66-4726-840D-D588C7CB625B}.Debug|Any CPU.ActiveCfg = Debug|Any CPU
		{339779E6-9F66-4726-840D-D588C7CB625B}.Release|Any CPU.ActiveCfg = Release|Any CPU
	EndGlobalSection
	GlobalSection(SolutionProperties) = preSolution
		HideSolutionNode = FALSE
	EndGlobalSection
	GlobalSection(ExtensibilityGlobals) = postSolution
		SolutionGuid = {64A88C28-3DCD-4450-B8F3-8AAE920DEF3B}
	EndGlobalSection
EndGlobal
